
Microsoft Visual Studio Solution File, Format Version 12.00
# Visual Studio Version 16
VisualStudioVersion = 16.0.30011.22
MinimumVisualStudioVersion = 10.0.40219.1
Project("{FAE04EC0-301F-11D3-BF4B-00C04F79EFBC}") = "Pulsar", "Pulsar.csproj", "{3F1D0A1D-B9E2-4016-8CAD-A38745ADDE7F}"
EndProject
Project("{FAE04EC0-301F-11D3-BF4B-00C04F79EFBC}") = "UnitTestPulsar", "..\UnitTestPulsar\UnitTestPulsar.csproj", "{8CE97ED5-A663-428E-BA65-507CB26466C2}"
EndProject
Global
	GlobalSection(SolutionConfigurationPlatforms) = preSolution
		Debug|Any CPU = Debug|Any CPU
		Release|Any CPU = Release|Any CPU
	EndGlobalSection
	GlobalSection(ProjectConfigurationPlatforms) = postSolution
		{3F1D0A1D-B9E2-4016-8CAD-A38745ADDE7F}.Debug|Any CPU.ActiveCfg = Debug|Any CPU
		{3F1D0A1D-B9E2-4016-8CAD-A38745ADDE7F}.Debug|Any CPU.Build.0 = Debug|Any CPU
		{3F1D0A1D-B9E2-4016-8CAD-A38745ADDE7F}.Release|Any CPU.ActiveCfg = Release|Any CPU
		{3F1D0A1D-B9E2-4016-8CAD-A38745ADDE7F}.Release|Any CPU.Build.0 = Release|Any CPU
		{8CE97ED5-A663-428E-BA65-507CB26466C2}.Debug|Any CPU.ActiveCfg = Debug|Any CPU
		{8CE97ED5-A663-428E-BA65-507CB26466C2}.Debug|Any CPU.Build.0 = Debug|Any CPU
		{8CE97ED5-A663-428E-BA65-507CB26466C2}.Release|Any CPU.ActiveCfg = Release|Any CPU
		{8CE97ED5-A663-428E-BA65-507CB26466C2}.Release|Any CPU.Build.0 = Release|Any CPU
	EndGlobalSection
	GlobalSection(SolutionProperties) = preSolution
		HideSolutionNode = FALSE
	EndGlobalSection
	GlobalSection(ExtensibilityGlobals) = postSolution
		SolutionGuid = {65CD1FA8-E02A-44A5-AE87-C77FA53B2446}
	EndGlobalSection
EndGlobal
